
Microsoft Visual Studio Solution File, Format Version 12.00
# Visual Studio Version 16
VisualStudioVersion = 16.0.30128.74
MinimumVisualStudioVersion = 10.0.40219.1
Project("{FAE04EC0-301F-11D3-BF4B-00C04F79EFBC}") = "TextAnalyzer", "TextAnalyzer\TextAnalyzer.csproj", "{1BA7FC2C-1995-4E91-A857-5AFD74369E8F}"
EndProject
Project("{FAE04EC0-301F-11D3-BF4B-00C04F79EFBC}") = "TextAnalyzer.UnitTests", "TextAnalyzer.UnitTests\TextAnalyzer.UnitTests.csproj", "{C871655A-75B0-42A5-912B-87A2684196EE}"
EndProject
Global
	GlobalSection(SolutionConfigurationPlatforms) = preSolution
		Debug|Any CPU = Debug|Any CPU
		Release|Any CPU = Release|Any CPU
	EndGlobalSection
	GlobalSection(ProjectConfigurationPlatforms) = postSolution
		{1BA7FC2C-1995-4E91-A857-5AFD74369E8F}.Debug|Any CPU.ActiveCfg = Debug|Any CPU
		{1BA7FC2C-1995-4E91-A857-5AFD74369E8F}.Debug|Any CPU.Build.0 = Debug|Any CPU
		{1BA7FC2C-1995-4E91-A857-5AFD74369E8F}.Release|Any CPU.ActiveCfg = Release|Any CPU
		{1BA7FC2C-1995-4E91-A857-5AFD74369E8F}.Release|Any CPU.Build.0 = Release|Any CPU
		{C871655A-75B0-42A5-912B-87A2684196EE}.Debug|Any CPU.ActiveCfg = Debug|Any CPU
		{C871655A-75B0-42A5-912B-87A2684196EE}.Debug|Any CPU.Build.0 = Debug|Any CPU
		{C871655A-75B0-42A5-912B-87A2684196EE}.Release|Any CPU.ActiveCfg = Release|Any CPU
		{C871655A-75B0-42A5-912B-87A2684196EE}.Release|Any CPU.Build.0 = Release|Any CPU
	EndGlobalSection
	GlobalSection(SolutionProperties) = preSolution
		HideSolutionNode = FALSE
	EndGlobalSection
	GlobalSection(ExtensibilityGlobals) = postSolution
		SolutionGuid = {447FF1E0-CE0E-45F1-8569-0410662D50C0}
	EndGlobalSection
EndGlobal
